
Microsoft Visual Studio Solution File, Format Version 12.00
# Visual Studio Version 16
VisualStudioVersion = 16.0.30011.22
MinimumVisualStudioVersion = 10.0.40219.1
Project("{9A19103F-16F7-4668-BE54-9A1E7A4F7556}") = "BlazorProducts.Client", "BlazorProducts.Client\BlazorProducts.Client.csproj", "{859DA53E-0638-4572-AE68-343E1FEECF1C}"
EndProject
Project("{9A19103F-16F7-4668-BE54-9A1E7A4F7556}") = "Entities", "..\BlazorProducts.Server\Entities\Entities.csproj", "{5BC32412-B287-4741-9769-8B33BAFFF867}"
EndProject
Global
	GlobalSection(SolutionConfigurationPlatforms) = preSolution
		Debug|Any CPU = Debug|Any CPU
		Release|Any CPU = Release|Any CPU
	EndGlobalSection
	GlobalSection(ProjectConfigurationPlatforms) = postSolution
		{859DA53E-0638-4572-AE68-343E1FEECF1C}.Debug|Any CPU.ActiveCfg = Debug|Any CPU
		{859DA53E-0638-4572-AE68-343E1FEECF1C}.Debug|Any CPU.Build.0 = Debug|Any CPU
		{859DA53E-0638-4572-AE68-343E1FEECF1C}.Release|Any CPU.ActiveCfg = Release|Any CPU
		{859DA53E-0638-4572-AE68-343E1FEECF1C}.Release|Any CPU.Build.0 = Release|Any CPU
		{5BC32412-B287-4741-9769-8B33BAFFF867}.Debug|Any CPU.ActiveCfg = Debug|Any CPU
		{5BC32412-B287-4741-9769-8B33BAFFF867}.Debug|Any CPU.Build.0 = Debug|Any CPU
		{5BC32412-B287-4741-9769-8B33BAFFF867}.Release|Any CPU.ActiveCfg = Release|Any CPU
		{5BC32412-B287-4741-9769-8B33BAFFF867}.Release|Any CPU.Build.0 = Release|Any CPU
	EndGlobalSection
	GlobalSection(SolutionProperties) = preSolution
		HideSolutionNode = FALSE
	EndGlobalSection
	GlobalSection(ExtensibilityGlobals) = postSolution
		SolutionGuid = {89F0EFC5-EF30-4539-88C3-23B5873796CE}
	EndGlobalSection
EndGlobal
