
Microsoft Visual Studio Solution File, Format Version 12.00
# Visual Studio Version 16
VisualStudioVersion = 16.0.30011.22
MinimumVisualStudioVersion = 10.0.40219.1
Project("{FAE04EC0-301F-11D3-BF4B-00C04F79EFBC}") = "BlazorProducts.Server", "BlazorProducts.Server\BlazorProducts.Server.csproj", "{17350983-7A9B-40C6-8397-AA65CED02F53}"
EndProject
Project("{FAE04EC0-301F-11D3-BF4B-00C04F79EFBC}") = "Entities", "Entities\Entities.csproj", "{2FFE7184-30A3-45FE-ABBC-88EB0A730186}"
EndProject
Global
	GlobalSection(SolutionConfigurationPlatforms) = preSolution
		Debug|Any CPU = Debug|Any CPU
		Release|Any CPU = Release|Any CPU
	EndGlobalSection
	GlobalSection(ProjectConfigurationPlatforms) = postSolution
		{17350983-7A9B-40C6-8397-AA65CED02F53}.Debug|Any CPU.ActiveCfg = Debug|Any CPU
		{17350983-7A9B-40C6-8397-AA65CED02F53}.Debug|Any CPU.Build.0 = Debug|Any CPU
		{17350983-7A9B-40C6-8397-AA65CED02F53}.Release|Any CPU.ActiveCfg = Release|Any CPU
		{17350983-7A9B-40C6-8397-AA65CED02F53}.Release|Any CPU.Build.0 = Release|Any CPU
		{2FFE7184-30A3-45FE-ABBC-88EB0A730186}.Debug|Any CPU.ActiveCfg = Debug|Any CPU
		{2FFE7184-30A3-45FE-ABBC-88EB0A730186}.Debug|Any CPU.Build.0 = Debug|Any CPU
		{2FFE7184-30A3-45FE-ABBC-88EB0A730186}.Release|Any CPU.ActiveCfg = Release|Any CPU
		{2FFE7184-30A3-45FE-ABBC-88EB0A730186}.Release|Any CPU.Build.0 = Release|Any CPU
	EndGlobalSection
	GlobalSection(SolutionProperties) = preSolution
		HideSolutionNode = FALSE
	EndGlobalSection
	GlobalSection(ExtensibilityGlobals) = postSolution
		SolutionGuid = {6CE08909-FA6A-4FD4-A4F6-2D6584400B07}
	EndGlobalSection
EndGlobal
